// !$*UTF8*$!
{
	archiveVersion = 1;
	classes = {
	};
	objectVersion = 46;
	objects = {

/* Begin PBXBuildFile section */
		880556151DF53D550048B6B2 /* RatingControl.swift in Sources */ = {isa = PBXBuildFile; fileRef = 880556141DF53D550048B6B2 /* RatingControl.swift */; };
		880630831DF5829C00856DA3 /* Meal.swift in Sources */ = {isa = PBXBuildFile; fileRef = 880630821DF5829C00856DA3 /* Meal.swift */; };
		880630841DF5829C00856DA3 /* Meal.swift in Sources */ = {isa = PBXBuildFile; fileRef = 880630821DF5829C00856DA3 /* Meal.swift */; };
		880630861DF59D7F00856DA3 /* MealTableViewCell.swift in Sources */ = {isa = PBXBuildFile; fileRef = 880630851DF59D7F00856DA3 /* MealTableViewCell.swift */; };
		8874F4461DF157B2002E5E0D /* AppDelegate.swift in Sources */ = {isa = PBXBuildFile; fileRef = 8874F4451DF157B2002E5E0D /* AppDelegate.swift */; };
		8874F4481DF157B2002E5E0D /* MealViewController.swift in Sources */ = {isa = PBXBuildFile; fileRef = 8874F4471DF157B2002E5E0D /* MealViewController.swift */; };
		8874F44B1DF157B2002E5E0D /* Main.storyboard in Resources */ = {isa = PBXBuildFile; fileRef = 8874F4491DF157B2002E5E0D /* Main.storyboard */; };
		8874F44D1DF157B2002E5E0D /* Assets.xcassets in Resources */ = {isa = PBXBuildFile; fileRef = 8874F44C1DF157B2002E5E0D /* Assets.xcassets */; };
		8874F4501DF157B2002E5E0D /* LaunchScreen.storyboard in Resources */ = {isa = PBXBuildFile; fileRef = 8874F44E1DF157B2002E5E0D /* LaunchScreen.storyboard */; };
		8874F45B1DF157B2002E5E0D /* FoodTrackerTests.swift in Sources */ = {isa = PBXBuildFile; fileRef = 8874F45A1DF157B2002E5E0D /* FoodTrackerTests.swift */; };
		88AC2DEF1DF6801F00048B2A /* MealTableViewController.swift in Sources */ = {isa = PBXBuildFile; fileRef = 88AC2DEE1DF6801F00048B2A /* MealTableViewController.swift */; };
/* End PBXBuildFile section */

/* Begin PBXContainerItemProxy section */
		8874F4571DF157B2002E5E0D /* PBXContainerItemProxy */ = {
			isa = PBXContainerItemProxy;
			containerPortal = 8874F43A1DF157B2002E5E0D /* Project object */;
			proxyType = 1;
			remoteGlobalIDString = 8874F4411DF157B2002E5E0D;
			remoteInfo = FoodTracker;
		};
/* End PBXContainerItemProxy section */

/* Begin PBXFileReference section */
		880556141DF53D550048B6B2 /* RatingControl.swift */ = {isa = PBXFileReference; fileEncoding = 4; lastKnownFileType = sourcecode.swift; path = RatingControl.swift; sourceTree = "<group>"; };
		880630821DF5829C00856DA3 /* Meal.swift */ = {isa = PBXFileReference; fileEncoding = 4; lastKnownFileType = sourcecode.swift; path = Meal.swift; sourceTree = "<group>"; };
		880630851DF59D7F00856DA3 /* MealTableViewCell.swift */ = {isa = PBXFileReference; fileEncoding = 4; lastKnownFileType = sourcecode.swift; path = MealTableViewCell.swift; sourceTree = "<group>"; };
		8874F4421DF157B2002E5E0D /* FoodTracker.app */ = {isa = PBXFileReference; explicitFileType = wrapper.application; includeInIndex = 0; path = FoodTracker.app; sourceTree = BUILT_PRODUCTS_DIR; };
		8874F4451DF157B2002E5E0D /* AppDelegate.swift */ = {isa = PBXFileReference; lastKnownFileType = sourcecode.swift; path = AppDelegate.swift; sourceTree = "<group>"; };
		8874F4471DF157B2002E5E0D /* MealViewController.swift */ = {isa = PBXFileReference; lastKnownFileType = sourcecode.swift; path = MealViewController.swift; sourceTree = "<group>"; };
		8874F44A1DF157B2002E5E0D /* Base */ = {isa = PBXFileReference; lastKnownFileType = file.storyboard; name = Base; path = Base.lproj/Main.storyboard; sourceTree = "<group>"; };
		8874F44C1DF157B2002E5E0D /* Assets.xcassets */ = {isa = PBXFileReference; lastKnownFileType = folder.assetcatalog; path = Assets.xcassets; sourceTree = "<group>"; };
		8874F44F1DF157B2002E5E0D /* Base */ = {isa = PBXFileReference; lastKnownFileType = file.storyboard; name = Base; path = Base.lproj/LaunchScreen.storyboard; sourceTree = "<group>"; };
		8874F4511DF157B2002E5E0D /* Info.plist */ = {isa = PBXFileReference; lastKnownFileType = text.plist.xml; path = Info.plist; sourceTree = "<group>"; };
		8874F4561DF157B2002E5E0D /* FoodTrackerTests.xctest */ = {isa = PBXFileReference; explicitFileType = wrapper.cfbundle; includeInIndex = 0; path = FoodTrackerTests.xctest; sourceTree = BUILT_PRODUCTS_DIR; };
		8874F45A1DF157B2002E5E0D /* FoodTrackerTests.swift */ = {isa = PBXFileReference; lastKnownFileType = sourcecode.swift; path = FoodTrackerTests.swift; sourceTree = "<group>"; };
		8874F45C1DF157B2002E5E0D /* Info.plist */ = {isa = PBXFileReference; lastKnownFileType = text.plist.xml; path = Info.plist; sourceTree = "<group>"; };
		88AC2DEE1DF6801F00048B2A /* MealTableViewController.swift */ = {isa = PBXFileReference; fileEncoding = 4; lastKnownFileType = sourcecode.swift; path = MealTableViewController.swift; sourceTree = "<group>"; };
/* End PBXFileReference section */

/* Begin PBXFrameworksBuildPhase section */
		8874F43F1DF157B2002E5E0D /* Frameworks */ = {
			isa = PBXFrameworksBuildPhase;
			buildActionMask = 2147483647;
			files = (
			);
			runOnlyForDeploymentPostprocessing = 0;
		};
		8874F4531DF157B2002E5E0D /* Frameworks */ = {
			isa = PBXFrameworksBuildPhase;
			buildActionMask = 2147483647;
			files = (
			);
			runOnlyForDeploymentPostprocessing = 0;
		};
/* End PBXFrameworksBuildPhase section */

/* Begin PBXGroup section */
		8874F4391DF157B2002E5E0D = {
			isa = PBXGroup;
			children = (
				8874F4441DF157B2002E5E0D /* FoodTracker */,
				8874F4591DF157B2002E5E0D /* FoodTrackerTests */,
				8874F4431DF157B2002E5E0D /* Products */,
			);
			sourceTree = "<group>";
		};
		8874F4431DF157B2002E5E0D /* Products */ = {
			isa = PBXGroup;
			children = (
				8874F4421DF157B2002E5E0D /* FoodTracker.app */,
				8874F4561DF157B2002E5E0D /* FoodTrackerTests.xctest */,
			);
			name = Products;
			sourceTree = "<group>";
		};
		8874F4441DF157B2002E5E0D /* FoodTracker */ = {
			isa = PBXGroup;
			children = (
				8874F4451DF157B2002E5E0D /* AppDelegate.swift */,
				8874F4471DF157B2002E5E0D /* MealViewController.swift */,
				880556141DF53D550048B6B2 /* RatingControl.swift */,
				880630821DF5829C00856DA3 /* Meal.swift */,
				8874F4491DF157B2002E5E0D /* Main.storyboard */,
				88AC2DEE1DF6801F00048B2A /* MealTableViewController.swift */,
				880630851DF59D7F00856DA3 /* MealTableViewCell.swift */,
				8874F44C1DF157B2002E5E0D /* Assets.xcassets */,
				8874F44E1DF157B2002E5E0D /* LaunchScreen.storyboard */,
				8874F4511DF157B2002E5E0D /* Info.plist */,
			);
			path = FoodTracker;
			sourceTree = "<group>";
		};
		8874F4591DF157B2002E5E0D /* FoodTrackerTests */ = {
			isa = PBXGroup;
			children = (
				8874F45A1DF157B2002E5E0D /* FoodTrackerTests.swift */,
				8874F45C1DF157B2002E5E0D /* Info.plist */,
			);
			path = FoodTrackerTests;
			sourceTree = "<group>";
		};
/* End PBXGroup section */

/* Begin PBXNativeTarget section */
		8874F4411DF157B2002E5E0D /* FoodTracker */ = {
			isa = PBXNativeTarget;
			buildConfigurationList = 8874F45F1DF157B2002E5E0D /* Build configuration list for PBXNativeTarget "FoodTracker" */;
			buildPhases = (
				8874F43E1DF157B2002E5E0D /* Sources */,
				8874F43F1DF157B2002E5E0D /* Frameworks */,
				8874F4401DF157B2002E5E0D /* Resources */,
			);
			buildRules = (
			);
			dependencies = (
			);
			name = FoodTracker;
			productName = FoodTracker;
			productReference = 8874F4421DF157B2002E5E0D /* FoodTracker.app */;
			productType = "com.apple.product-type.application";
		};
		8874F4551DF157B2002E5E0D /* FoodTrackerTests */ = {
			isa = PBXNativeTarget;
			buildConfigurationList = 8874F4621DF157B2002E5E0D /* Build configuration list for PBXNativeTarget "FoodTrackerTests" */;
			buildPhases = (
				8874F4521DF157B2002E5E0D /* Sources */,
				8874F4531DF157B2002E5E0D /* Frameworks */,
				8874F4541DF157B2002E5E0D /* Resources */,
			);
			buildRules = (
			);
			dependencies = (
				8874F4581DF157B2002E5E0D /* PBXTargetDependency */,
			);
			name = FoodTrackerTests;
			productName = FoodTrackerTests;
			productReference = 8874F4561DF157B2002E5E0D /* FoodTrackerTests.xctest */;
			productType = "com.apple.product-type.bundle.unit-test";
		};
/* End PBXNativeTarget section */

/* Begin PBXProject section */
		8874F43A1DF157B2002E5E0D /* Project object */ = {
			isa = PBXProject;
			attributes = {
				LastSwiftUpdateCheck = 0800;
				LastUpgradeCheck = 0800;
				ORGANIZATIONNAME = Metacube;
				TargetAttributes = {
					8874F4411DF157B2002E5E0D = {
						CreatedOnToolsVersion = 8.0;
						DevelopmentTeam = XGPMB3SAAG;
						ProvisioningStyle = Automatic;
						SystemCapabilities = {
							com.apple.BackgroundModes = {
								enabled = 1;
							};
						};
					};
					8874F4551DF157B2002E5E0D = {
						CreatedOnToolsVersion = 8.0;
						ProvisioningStyle = Automatic;
						TestTargetID = 8874F4411DF157B2002E5E0D;
					};
				};
			};
			buildConfigurationList = 8874F43D1DF157B2002E5E0D /* Build configuration list for PBXProject "FoodTracker" */;
			compatibilityVersion = "Xcode 3.2";
			developmentRegion = English;
			hasScannedForEncodings = 0;
			knownRegions = (
				en,
				Base,
			);
			mainGroup = 8874F4391DF157B2002E5E0D;
			productRefGroup = 8874F4431DF157B2002E5E0D /* Products */;
			projectDirPath = "";
			projectRoot = "";
			targets = (
				8874F4411DF157B2002E5E0D /* FoodTracker */,
				8874F4551DF157B2002E5E0D /* FoodTrackerTests */,
			);
		};
/* End PBXProject section */

/* Begin PBXResourcesBuildPhase section */
		8874F4401DF157B2002E5E0D /* Resources */ = {
			isa = PBXResourcesBuildPhase;
			buildActionMask = 2147483647;
			files = (
				8874F4501DF157B2002E5E0D /* LaunchScreen.storyboard in Resources */,
				8874F44D1DF157B2002E5E0D /* Assets.xcassets in Resources */,
				8874F44B1DF157B2002E5E0D /* Main.storyboard in Resources */,
			);
			runOnlyForDeploymentPostprocessing = 0;
		};
		8874F4541DF157B2002E5E0D /* Resources */ = {
			isa = PBXResourcesBuildPhase;
			buildActionMask = 2147483647;
			files = (
			);
			runOnlyForDeploymentPostprocessing = 0;
		};
/* End PBXResourcesBuildPhase section */

/* Begin PBXSourcesBuildPhase section */
		8874F43E1DF157B2002E5E0D /* Sources */ = {
			isa = PBXSourcesBuildPhase;
			buildActionMask = 2147483647;
			files = (
				880630831DF5829C00856DA3 /* Meal.swift in Sources */,
				8874F4481DF157B2002E5E0D /* MealViewController.swift in Sources */,
				880556151DF53D550048B6B2 /* RatingControl.swift in Sources */,
				8874F4461DF157B2002E5E0D /* AppDelegate.swift in Sources */,
				88AC2DEF1DF6801F00048B2A /* MealTableViewController.swift in Sources */,
				880630861DF59D7F00856DA3 /* MealTableViewCell.swift in Sources */,
			);
			runOnlyForDeploymentPostprocessing = 0;
		};
		8874F4521DF157B2002E5E0D /* Sources */ = {
			isa = PBXSourcesBuildPhase;
			buildActionMask = 2147483647;
			files = (
				880630841DF5829C00856DA3 /* Meal.swift in Sources */,
				8874F45B1DF157B2002E5E0D /* FoodTrackerTests.swift in Sources */,
			);
			runOnlyForDeploymentPostprocessing = 0;
		};
/* End PBXSourcesBuildPhase section */

/* Begin PBXTargetDependency section */
		8874F4581DF157B2002E5E0D /* PBXTargetDependency */ = {
			isa = PBXTargetDependency;
			target = 8874F4411DF157B2002E5E0D /* FoodTracker */;
			targetProxy = 8874F4571DF157B2002E5E0D /* PBXContainerItemProxy */;
		};
/* End PBXTargetDependency section */

/* Begin PBXVariantGroup section */
		8874F4491DF157B2002E5E0D /* Main.storyboard */ = {
			isa = PBXVariantGroup;
			children = (
				8874F44A1DF157B2002E5E0D /* Base */,
			);
			name = Main.storyboard;
			sourceTree = "<group>";
		};
		8874F44E1DF157B2002E5E0D /* LaunchScreen.storyboard */ = {
			isa = PBXVariantGroup;
			children = (
				8874F44F1DF157B2002E5E0D /* Base */,
			);
			name = LaunchScreen.storyboard;
			sourceTree = "<group>";
		};
/* End PBXVariantGroup section */

/* Begin XCBuildConfiguration section */
		8874F45D1DF157B2002E5E0D /* Debug */ = {
			isa = XCBuildConfiguration;
			buildSettings = {
				ALWAYS_SEARCH_USER_PATHS = NO;
				CLANG_ANALYZER_NONNULL = YES;
				CLANG_CXX_LANGUAGE_STANDARD = "gnu++0x";
				CLANG_CXX_LIBRARY = "libc++";
				CLANG_ENABLE_MODULES = YES;
				CLANG_ENABLE_OBJC_ARC = YES;
				CLANG_WARN_BOOL_CONVERSION = YES;
				CLANG_WARN_CONSTANT_CONVERSION = YES;
				CLANG_WARN_DIRECT_OBJC_ISA_USAGE = YES_ERROR;
				CLANG_WARN_DOCUMENTATION_COMMENTS = YES;
				CLANG_WARN_EMPTY_BODY = YES;
				CLANG_WARN_ENUM_CONVERSION = YES;
				CLANG_WARN_INFINITE_RECURSION = YES;
				CLANG_WARN_INT_CONVERSION = YES;
				CLANG_WARN_OBJC_ROOT_CLASS = YES_ERROR;
				CLANG_WARN_SUSPICIOUS_MOVES = YES;
				CLANG_WARN_UNREACHABLE_CODE = YES;
				CLANG_WARN__DUPLICATE_METHOD_MATCH = YES;
				"CODE_SIGN_IDENTITY[sdk=iphoneos*]" = "iPhone Developer";
				COPY_PHASE_STRIP = NO;
				DEBUG_INFORMATION_FORMAT = dwarf;
				ENABLE_STRICT_OBJC_MSGSEND = YES;
				ENABLE_TESTABILITY = YES;
				GCC_C_LANGUAGE_STANDARD = gnu99;
				GCC_DYNAMIC_NO_PIC = NO;
				GCC_NO_COMMON_BLOCKS = YES;
				GCC_OPTIMIZATION_LEVEL = 0;
				GCC_PREPROCESSOR_DEFINITIONS = (
					"DEBUG=1",
					"$(inherited)",
				);
				GCC_WARN_64_TO_32_BIT_CONVERSION = YES;
				GCC_WARN_ABOUT_RETURN_TYPE = YES_ERROR;
				GCC_WARN_UNDECLARED_SELECTOR = YES;
				GCC_WARN_UNINITIALIZED_AUTOS = YES_AGGRESSIVE;
				GCC_WARN_UNUSED_FUNCTION = YES;
				GCC_WARN_UNUSED_VARIABLE = YES;
				IPHONEOS_DEPLOYMENT_TARGET = 10.0;
				MTL_ENABLE_DEBUG_INFO = YES;
				ONLY_ACTIVE_ARCH = YES;
				SDKROOT = iphoneos;
				SWIFT_ACTIVE_COMPILATION_CONDITIONS = DEBUG;
				SWIFT_OPTIMIZATION_LEVEL = "-Onone";
				TARGETED_DEVICE_FAMILY = "1,2";
			};
			name = Debug;
		};
		8874F45E1DF157B2002E5E0D /* Release */ = {
			isa = XCBuildConfiguration;
			buildSettings = {
				ALWAYS_SEARCH_USER_PATHS = NO;
				CLANG_ANALYZER_NONNULL = YES;
				CLANG_CXX_LANGUAGE_STANDARD = "gnu++0x";
				CLANG_CXX_LIBRARY = "libc++";
				CLANG_ENABLE_MODULES = YES;
				CLANG_ENABLE_OBJC_ARC = YES;
				CLANG_WARN_BOOL_CONVERSION = YES;
				CLANG_WARN_CONSTANT_CONVERSION = YES;
				CLANG_WARN_DIRECT_OBJC_ISA_USAGE = YES_ERROR;
				CLANG_WARN_DOCUMENTATION_COMMENTS = YES;
				CLANG_WARN_EMPTY_BODY = YES;
				CLANG_WARN_ENUM_CONVERSION = YES;
				CLANG_WARN_INFINITE_RECURSION = YES;
				CLANG_WARN_INT_CONVERSION = YES;
				CLANG_WARN_OBJC_ROOT_CLASS = YES_ERROR;
				CLANG_WARN_SUSPICIOUS_MOVES = YES;
				CLANG_WARN_UNREACHABLE_CODE = YES;
				CLANG_WARN__DUPLICATE_METHOD_MATCH = YES;
				"CODE_SIGN_IDENTITY[sdk=iphoneos*]" = "iPhone Developer";
				COPY_PHASE_STRIP = NO;
				DEBUG_INFORMATION_FORMAT = "dwarf-with-dsym";
				ENABLE_NS_ASSERTIONS = NO;
				ENABLE_STRICT_OBJC_MSGSEND = YES;
				GCC_C_LANGUAGE_STANDARD = gnu99;
				GCC_NO_COMMON_BLOCKS = YES;
				GCC_WARN_64_TO_32_BIT_CONVERSION = YES;
				GCC_WARN_ABOUT_RETURN_TYPE = YES_ERROR;
				GCC_WARN_UNDECLARED_SELECTOR = YES;
				GCC_WARN_UNINITIALIZED_AUTOS = YES_AGGRESSIVE;
				GCC_WARN_UNUSED_FUNCTION = YES;
				GCC_WARN_UNUSED_VARIABLE = YES;
				IPHONEOS_DEPLOYMENT_TARGET = 10.0;
				MTL_ENABLE_DEBUG_INFO = NO;
				SDKROOT = iphoneos;
				SWIFT_OPTIMIZATION_LEVEL = "-Owholemodule";
				TARGETED_DEVICE_FAMILY = "1,2";
				VALIDATE_PRODUCT = YES;
			};
			name = Release;
		};
		8874F4601DF157B2002E5E0D /* Debug */ = {
			isa = XCBuildConfiguration;
			buildSettings = {
				ASSETCATALOG_COMPILER_APPICON_NAME = AppIcon;
				DEVELOPMENT_TEAM = XGPMB3SAAG;
				INFOPLIST_FILE = FoodTracker/Info.plist;
				LD_RUNPATH_SEARCH_PATHS = "$(inherited) @executable_path/Frameworks";
				PRODUCT_BUNDLE_IDENTIFIER = com.metacube.FoodTracker;
				PRODUCT_NAME = "$(TARGET_NAME)";
				SWIFT_VERSION = 3.0;
			};
			name = Debug;
		};
		8874F4611DF157B2002E5E0D /* Release */ = {
			isa = XCBuildConfiguration;
			buildSettings = {
				ASSETCATALOG_COMPILER_APPICON_NAME = AppIcon;
				DEVELOPMENT_TEAM = XGPMB3SAAG;
				INFOPLIST_FILE = FoodTracker/Info.plist;
				LD_RUNPATH_SEARCH_PATHS = "$(inherited) @executable_path/Frameworks";
				PRODUCT_BUNDLE_IDENTIFIER = com.metacube.FoodTracker;
				PRODUCT_NAME = "$(TARGET_NAME)";
				SWIFT_VERSION = 3.0;
			};
			name = Release;
		};
		8874F4631DF157B2002E5E0D /* Debug */ = {
			isa = XCBuildConfiguration;
			buildSettings = {
				ALWAYS_EMBED_SWIFT_STANDARD_LIBRARIES = YES;
				BUNDLE_LOADER = "$(TEST_HOST)";
				INFOPLIST_FILE = FoodTrackerTests/Info.plist;
				LD_RUNPATH_SEARCH_PATHS = "$(inherited) @executable_path/Frameworks @loader_path/Frameworks";
				PRODUCT_BUNDLE_IDENTIFIER = com.metacube.FoodTrackerTests;
				PRODUCT_NAME = "$(TARGET_NAME)";
				SWIFT_VERSION = 3.0;
				TEST_HOST = "$(BUILT_PRODUCTS_DIR)/FoodTracker.app/FoodTracker";
			};
			name = Debug;
		};
		8874F4641DF157B2002E5E0D /* Release */ = {
			isa = XCBuildConfiguration;
			buildSettings = {
				ALWAYS_EMBED_SWIFT_STANDARD_LIBRARIES = YES;
				BUNDLE_LOADER = "$(TEST_HOST)";
				INFOPLIST_FILE = FoodTrackerTests/Info.plist;
				LD_RUNPATH_SEARCH_PATHS = "$(inherited) @executable_path/Frameworks @loader_path/Frameworks";
				PRODUCT_BUNDLE_IDENTIFIER = com.metacube.FoodTrackerTests;
				PRODUCT_NAME = "$(TARGET_NAME)";
				SWIFT_VERSION = 3.0;
				TEST_HOST = "$(BUILT_PRODUCTS_DIR)/FoodTracker.app/FoodTracker";
			};
			name = Release;
		};
/* End XCBuildConfiguration section */

/* Begin XCConfigurationList section */
		8874F43D1DF157B2002E5E0D /* Build configuration list for PBXProject "FoodTracker" */ = {
			isa = XCConfigurationList;
			buildConfigurations = (
				8874F45D1DF157B2002E5E0D /* Debug */,
				8874F45E1DF157B2002E5E0D /* Release */,
			);
			defaultConfigurationIsVisible = 0;
			defaultConfigurationName = Release;
		};
		8874F45F1DF157B2002E5E0D /* Build configuration list for PBXNativeTarget "FoodTracker" */ = {
			isa = XCConfigurationList;
			buildConfigurations = (
				8874F4601DF157B2002E5E0D /* Debug */,
				8874F4611DF157B2002E5E0D /* Release */,
			);
			defaultConfigurationIsVisible = 0;
			defaultConfigurationName = Release;
		};
		8874F4621DF157B2002E5E0D /* Build configuration list for PBXNativeTarget "FoodTrackerTests" */ = {
			isa = XCConfigurationList;
			buildConfigurations = (
				8874F4631DF157B2002E5E0D /* Debug */,
				8874F4641DF157B2002E5E0D /* Release */,
			);
			defaultConfigurationIsVisible = 0;
			defaultConfigurationName = Release;
		};
/* End XCConfigurationList section */
	};
	rootObject = 8874F43A1DF157B2002E5E0D /* Project object */;
}
